PODS:
  - AFNetworking (3.1.0):
    - AFNetworking/NSURLSession (= 3.1.0)
    - AFNetworking/Reachability (= 3.1.0)
    - AFNetworking/Security (= 3.1.0)
    - AFNetworking/Serialization (= 3.1.0)
    - AFNetworking/UIKit (= 3.1.0)
  - AFNetworking/NSURLSession (3.1.0):
    - AFNetworking/Reachability
    - AFNetworking/Security
    - AFNetworking/Serialization
  - AFNetworking/Reachability (3.1.0)
  - AFNetworking/Security (3.1.0)
  - AFNetworking/Serialization (3.1.0)
  - AFNetworking/UIKit (3.1.0):
    - AFNetworking/NSURLSession
  - ASIHTTPRequest (1.8.2):
    - ASIHTTPRequest/ASIWebPageRequest (= 1.8.2)
    - ASIHTTPRequest/CloudFiles (= 1.8.2)
    - ASIHTTPRequest/Core (= 1.8.2)
    - ASIHTTPRequest/S3 (= 1.8.2)
  - ASIHTTPRequest/ASIWebPageRequest (1.8.2):
    - ASIHTTPRequest/Core
  - ASIHTTPRequest/CloudFiles (1.8.2):
    - ASIHTTPRequest/Core
  - ASIHTTPRequest/Core (1.8.2):
    - Reachability
  - ASIHTTPRequest/S3 (1.8.2):
    - ASIHTTPRequest/Core
  - CYLTabBarController (1.7.0)
  - IQKeyboardManager (4.0.7)
  - Masonry (1.0.2)
  - MBProgressHUD (0.9.2)
  - MJExtension (3.0.13)
  - pop (1.0.9)
  - Reachability (3.2)
  - SDWebImage (3.8.2):
    - SDWebImage/Core (= 3.8.2)
  - SDWebImage/Core (3.8.2)
  - Wonderful (1.2.0)
  - ZFDownload (1.0.2):
    - ASIHTTPRequest
  - ZFPlayer (2.1.1):
    - Masonry

DEPENDENCIES:
  - AFNetworking
  - CYLTabBarController
  - IQKeyboardManager
  - Masonry
  - MBProgressHUD (~> 0.9.2)
  - MJExtension
  - pop
  - SDWebImage
  - Wonderful
  - ZFDownload
  - ZFPlayer

SPEC CHECKSUMS:
  AFNetworking: 5e0e199f73d8626b11e79750991f5d173d1f8b67
  ASIHTTPRequest: ec013992946676b7978dcbde6396d57312d21db4
  CYLTabBarController: 925ec82de4ae6f89b6277c8d406853d2d29b5562
  IQKeyboardManager: 69002bb4fea60596b710e57d426abc00e5063630
  Masonry: 7c429b56da9d4ee0bbb3ed77a5ea710d6a5df39e
  MBProgressHUD: 1569cf7ace17a8bac47aabfbb8580a49690386d1
  MJExtension: 5932755f451458eefa24239358817f8d291240c7
  pop: f667631a5108a2e60d9e8797c9b32ddaf2080bce
  Reachability: 33e18b67625424e47b6cde6d202dce689ad7af96
  SDWebImage: 098e97e6176540799c27e804c96653ee0833d13c
  Wonderful: 8f8737eb8d2c32264110e91659095cb5c8bff223
  ZFDownload: a52f94ebb080833b8a8ceb19a409f2941343fe7f
  ZFPlayer: c36657da33c28c75dfb100e98e7976b5b3e1fc10

PODFILE CHECKSUM: aea2eb2b1eb45c160019f576f7099aa6b7f00ab9

COCOAPODS: 1.1.1
